
Microsoft Visual Studio Solution File, Format Version 12.00
# Visual Studio Version 16
VisualStudioVersion = 16.0.29521.150
MinimumVisualStudioVersion = 10.0.40219.1
Project("{9A19103F-16F7-4668-BE54-9A1E7A4F7556}") = "Sagua.Sitemap", "Sagua.Sitemap\Sagua.Sitemap.csproj", "{9036FA40-1D37-401E-BB06-4489846299A2}"
EndProject
Project("{9A19103F-16F7-4668-BE54-9A1E7A4F7556}") = "Sagua.Sitemap.Example", "Sagua.Sitemap.Example\Sagua.Sitemap.Example.csproj", "{1076C8E5-E8D3-4962-B8FD-EBADD76211BF}"
EndProject
Project("{9A19103F-16F7-4668-BE54-9A1E7A4F7556}") = "Sagua.Sitemap.Blazor", "Sagua.Sitemap.Blazor\Sagua.Sitemap.Blazor.csproj", "{DC49EAB2-741C-46A5-842A-F15C32825E5B}"
EndProject
Project("{9A19103F-16F7-4668-BE54-9A1E7A4F7556}") = "Sagua.Sitemap.Blazor.Example", "Sagua.Sitemap.Blazor.Example\Sagua.Sitemap.Blazor.Example.csproj", "{C53CC4B3-3DC7-42EB-9F0C-9F01C3101517}"
EndProject
Global
	GlobalSection(SolutionConfigurationPlatforms) = preSolution
		Debug|Any CPU = Debug|Any CPU
		Release|Any CPU = Release|Any CPU
	EndGlobalSection
	GlobalSection(ProjectConfigurationPlatforms) = postSolution
		{9036FA40-1D37-401E-BB06-4489846299A2}.Debug|Any CPU.ActiveCfg = Debug|Any CPU
		{9036FA40-1D37-401E-BB06-4489846299A2}.Debug|Any CPU.Build.0 = Debug|Any CPU
		{9036FA40-1D37-401E-BB06-4489846299A2}.Release|Any CPU.ActiveCfg = Release|Any CPU
		{9036FA40-1D37-401E-BB06-4489846299A2}.Release|Any CPU.Build.0 = Release|Any CPU
		{1076C8E5-E8D3-4962-B8FD-EBADD76211BF}.Debug|Any CPU.ActiveCfg = Debug|Any CPU
		{1076C8E5-E8D3-4962-B8FD-EBADD76211BF}.Debug|Any CPU.Build.0 = Debug|Any CPU
		{1076C8E5-E8D3-4962-B8FD-EBADD76211BF}.Release|Any CPU.ActiveCfg = Release|Any CPU
		{1076C8E5-E8D3-4962-B8FD-EBADD76211BF}.Release|Any CPU.Build.0 = Release|Any CPU
		{DC49EAB2-741C-46A5-842A-F15C32825E5B}.Debug|Any CPU.ActiveCfg = Debug|Any CPU
		{DC49EAB2-741C-46A5-842A-F15C32825E5B}.Debug|Any CPU.Build.0 = Debug|Any CPU
		{DC49EAB2-741C-46A5-842A-F15C32825E5B}.Release|Any CPU.ActiveCfg = Release|Any CPU
		{DC49EAB2-741C-46A5-842A-F15C32825E5B}.Release|Any CPU.Build.0 = Release|Any CPU
		{C53CC4B3-3DC7-42EB-9F0C-9F01C3101517}.Debug|Any CPU.ActiveCfg = Debug|Any CPU
		{C53CC4B3-3DC7-42EB-9F0C-9F01C3101517}.Debug|Any CPU.Build.0 = Debug|Any CPU
		{C53CC4B3-3DC7-42EB-9F0C-9F01C3101517}.Release|Any CPU.ActiveCfg = Release|Any CPU
		{C53CC4B3-3DC7-42EB-9F0C-9F01C3101517}.Release|Any CPU.Build.0 = Release|Any CPU
	EndGlobalSection
	GlobalSection(SolutionProperties) = preSolution
		HideSolutionNode = FALSE
	EndGlobalSection
	GlobalSection(ExtensibilityGlobals) = postSolution
		SolutionGuid = {CD3F6B6B-F9E4-4CDB-BA7E-2252EFAA9D2F}
	EndGlobalSection
EndGlobal
